
Microsoft Visual Studio Solution File, Format Version 12.00
# Visual Studio Version 17
VisualStudioVersion = 17.8.34322.80
MinimumVisualStudioVersion = 10.0.40219.1
Project("{2150E333-8FDC-42A3-9474-1A3956D46DE8}") = "src", "src", "{806B3412-7289-47A3-9BEC-CDD1342E4F60}"
EndProject
Project("{2150E333-8FDC-42A3-9474-1A3956D46DE8}") = "test", "test", "{EC5F69D8-DFAB-4240-8095-9C91DAE4A727}"
EndProject
Project("{2150E333-8FDC-42A3-9474-1A3956D46DE8}") = "doc", "doc", "{422EF218-F71B-4499-94FF-0D7646AD4F87}"
	ProjectSection(SolutionItems) = preProject
		README.md = README.md
	EndProjectSection
EndProject
Project("{FAE04EC0-301F-11D3-BF4B-00C04F79EFBC}") = "OIdify.Provider", "test\OIdify.Provider\OIdify.Provider.csproj", "{6C0B5438-D635-4599-BD66-9B4CC21DCE48}"
EndProject
Project("{9A19103F-16F7-4668-BE54-9A1E7A4F7556}") = "OIdify", "src\OIdify\OIdify.csproj", "{C16E7FD0-B2DA-45E0-9129-A07738388111}"
EndProject
Global
	GlobalSection(SolutionConfigurationPlatforms) = preSolution
		Debug|Any CPU = Debug|Any CPU
		Release|Any CPU = Release|Any CPU
	EndGlobalSection
	GlobalSection(ProjectConfigurationPlatforms) = postSolution
		{6C0B5438-D635-4599-BD66-9B4CC21DCE48}.Debug|Any CPU.ActiveCfg = Debug|Any CPU
		{6C0B5438-D635-4599-BD66-9B4CC21DCE48}.Debug|Any CPU.Build.0 = Debug|Any CPU
		{6C0B5438-D635-4599-BD66-9B4CC21DCE48}.Release|Any CPU.ActiveCfg = Release|Any CPU
		{6C0B5438-D635-4599-BD66-9B4CC21DCE48}.Release|Any CPU.Build.0 = Release|Any CPU
		{C16E7FD0-B2DA-45E0-9129-A07738388111}.Debug|Any CPU.ActiveCfg = Debug|Any CPU
		{C16E7FD0-B2DA-45E0-9129-A07738388111}.Debug|Any CPU.Build.0 = Debug|Any CPU
		{C16E7FD0-B2DA-45E0-9129-A07738388111}.Release|Any CPU.ActiveCfg = Release|Any CPU
		{C16E7FD0-B2DA-45E0-9129-A07738388111}.Release|Any CPU.Build.0 = Release|Any CPU
	EndGlobalSection
	GlobalSection(SolutionProperties) = preSolution
		HideSolutionNode = FALSE
	EndGlobalSection
	GlobalSection(NestedProjects) = preSolution
		{6C0B5438-D635-4599-BD66-9B4CC21DCE48} = {EC5F69D8-DFAB-4240-8095-9C91DAE4A727}
		{C16E7FD0-B2DA-45E0-9129-A07738388111} = {806B3412-7289-47A3-9BEC-CDD1342E4F60}
	EndGlobalSection
	GlobalSection(ExtensibilityGlobals) = postSolution
		SolutionGuid = {EEAC6DA9-86CE-45D5-B284-A1EE00916D93}
	EndGlobalSection
EndGlobal
